
Microsoft Visual Studio Solution File, Format Version 12.00
# Visual Studio 15
VisualStudioVersion = 15.0.27130.2020
MinimumVisualStudioVersion = 10.0.40219.1
Project("{FAE04EC0-301F-11D3-BF4B-00C04F79EFBC}") = "Client_Server_Practice_In_One_Class", "Client_Server_Practice_In_One_Class\Client_Server_Practice_In_One_Class.csproj", "{68D84D88-8DE5-4EE1-BAD3-85FD4B825789}"
EndProject
Project("{FAE04EC0-301F-11D3-BF4B-00C04F79EFBC}") = "Dummy", "Dummy\Dummy.csproj", "{935C2070-6793-4F76-8A23-C56A09A37019}"
EndProject
Global
	GlobalSection(SolutionConfigurationPlatforms) = preSolution
		Debug|Any CPU = Debug|Any CPU
		Release|Any CPU = Release|Any CPU
	EndGlobalSection
	GlobalSection(ProjectConfigurationPlatforms) = postSolution
		{68D84D88-8DE5-4EE1-BAD3-85FD4B825789}.Debug|Any CPU.ActiveCfg = Debug|Any CPU
		{68D84D88-8DE5-4EE1-BAD3-85FD4B825789}.Debug|Any CPU.Build.0 = Debug|Any CPU
		{68D84D88-8DE5-4EE1-BAD3-85FD4B825789}.Release|Any CPU.ActiveCfg = Release|Any CPU
		{68D84D88-8DE5-4EE1-BAD3-85FD4B825789}.Release|Any CPU.Build.0 = Release|Any CPU
		{935C2070-6793-4F76-8A23-C56A09A37019}.Debug|Any CPU.ActiveCfg = Debug|Any CPU
		{935C2070-6793-4F76-8A23-C56A09A37019}.Debug|Any CPU.Build.0 = Debug|Any CPU
		{935C2070-6793-4F76-8A23-C56A09A37019}.Release|Any CPU.ActiveCfg = Release|Any CPU
		{935C2070-6793-4F76-8A23-C56A09A37019}.Release|Any CPU.Build.0 = Release|Any CPU
	EndGlobalSection
	GlobalSection(SolutionProperties) = preSolution
		HideSolutionNode = FALSE
	EndGlobalSection
	GlobalSection(ExtensibilityGlobals) = postSolution
		SolutionGuid = {2B912907-D906-4DFE-AB32-C79756F1C504}
	EndGlobalSection
EndGlobal
